// !$*UTF8*$!
{
	archiveVersion = 1;
	classes = {
	};
	objectVersion = 55;
	objects = {

/* Begin PBXBuildFile section */
		66AF4539284B440B002A37E0 /* AppDelegate.swift in Sources */ = {isa = PBXBuildFile; fileRef = 66AF4538284B440B002A37E0 /* AppDelegate.swift */; };
		66AF453B284B440B002A37E0 /* SceneDelegate.swift in Sources */ = {isa = PBXBuildFile; fileRef = 66AF453A284B440B002A37E0 /* SceneDelegate.swift */; };
		66AF453D284B440B002A37E0 /* ViewController.swift in Sources */ = {isa = PBXBuildFile; fileRef = 66AF453C284B440B002A37E0 /* ViewController.swift */; };
		66AF4540284B440B002A37E0 /* Main.storyboard in Resources */ = {isa = PBXBuildFile; fileRef = 66AF453E284B440B002A37E0 /* Main.storyboard */; };
		66AF4542284B440C002A37E0 /* Assets.xcassets in Resources */ = {isa = PBXBuildFile; fileRef = 66AF4541284B440C002A37E0 /* Assets.xcassets */; };
		66AF4545284B440C002A37E0 /* LaunchScreen.storyboard in Resources */ = {isa = PBXBuildFile; fileRef = 66AF4543284B440C002A37E0 /* LaunchScreen.storyboard */; };
		66AF4550284B440C002A37E0 /* AbgeltungssteuerrechnerTests.swift in Sources */ = {isa = PBXBuildFile; fileRef = 66AF454F284B440C002A37E0 /* AbgeltungssteuerrechnerTests.swift */; };
		66AF455A284B440C002A37E0 /* AbgeltungssteuerrechnerUITests.swift in Sources */ = {isa = PBXBuildFile; fileRef = 66AF4559284B440C002A37E0 /* AbgeltungssteuerrechnerUITests.swift */; };
		66AF455C284B440C002A37E0 /* AbgeltungssteuerrechnerUITestsLaunchTests.swift in Sources */ = {isa = PBXBuildFile; fileRef = 66AF455B284B440C002A37E0 /* AbgeltungssteuerrechnerUITestsLaunchTests.swift */; };
/* End PBXBuildFile section */

/* Begin PBXContainerItemProxy section */
		66AF454C284B440C002A37E0 /* PBXContainerItemProxy */ = {
			isa = PBXContainerItemProxy;
			containerPortal = 66AF452D284B440B002A37E0 /* Project object */;
			proxyType = 1;
			remoteGlobalIDString = 66AF4534284B440B002A37E0;
			remoteInfo = Abgeltungssteuerrechner;
		};
		66AF4556284B440C002A37E0 /* PBXContainerItemProxy */ = {
			isa = PBXContainerItemProxy;
			containerPortal = 66AF452D284B440B002A37E0 /* Project object */;
			proxyType = 1;
			remoteGlobalIDString = 66AF4534284B440B002A37E0;
			remoteInfo = Abgeltungssteuerrechner;
		};
/* End PBXContainerItemProxy section */

/* Begin PBXFileReference section */
		66AF4535284B440B002A37E0 /* Abgeltungssteuerrechner.app */ = {isa = PBXFileReference; explicitFileType = wrapper.application; includeInIndex = 0; path = Abgeltungssteuerrechner.app; sourceTree = BUILT_PRODUCTS_DIR; };
		66AF4538284B440B002A37E0 /* AppDelegate.swift */ = {isa = PBXFileReference; lastKnownFileType = sourcecode.swift; path = AppDelegate.swift; sourceTree = "<group>"; };
		66AF453A284B440B002A37E0 /* SceneDelegate.swift */ = {isa = PBXFileReference; lastKnownFileType = sourcecode.swift; path = SceneDelegate.swift; sourceTree = "<group>"; };
		66AF453C284B440B002A37E0 /* ViewController.swift */ = {isa = PBXFileReference; lastKnownFileType = sourcecode.swift; path = ViewController.swift; sourceTree = "<group>"; };
		66AF453F284B440B002A37E0 /* Base */ = {isa = PBXFileReference; lastKnownFileType = file.storyboard; name = Base; path = Base.lproj/Main.storyboard; sourceTree = "<group>"; };
		66AF4541284B440C002A37E0 /* Assets.xcassets */ = {isa = PBXFileReference; lastKnownFileType = folder.assetcatalog; path = Assets.xcassets; sourceTree = "<group>"; };
		66AF4544284B440C002A37E0 /* Base */ = {isa = PBXFileReference; lastKnownFileType = file.storyboard; name = Base; path = Base.lproj/LaunchScreen.storyboard; sourceTree = "<group>"; };
		66AF4546284B440C002A37E0 /* Info.plist */ = {isa = PBXFileReference; lastKnownFileType = text.plist.xml; path = Info.plist; sourceTree = "<group>"; };
		66AF454B284B440C002A37E0 /* AbgeltungssteuerrechnerTests.xctest */ = {isa = PBXFileReference; explicitFileType = wrapper.cfbundle; includeInIndex = 0; path = AbgeltungssteuerrechnerTests.xctest; sourceTree = BUILT_PRODUCTS_DIR; };
		66AF454F284B440C002A37E0 /* AbgeltungssteuerrechnerTests.swift */ = {isa = PBXFileReference; lastKnownFileType = sourcecode.swift; path = AbgeltungssteuerrechnerTests.swift; sourceTree = "<group>"; };
		66AF4555284B440C002A37E0 /* AbgeltungssteuerrechnerUITests.xctest */ = {isa = PBXFileReference; explicitFileType = wrapper.cfbundle; includeInIndex = 0; path = AbgeltungssteuerrechnerUITests.xctest; sourceTree = BUILT_PRODUCTS_DIR; };
		66AF4559284B440C002A37E0 /* AbgeltungssteuerrechnerUITests.swift */ = {isa = PBXFileReference; lastKnownFileType = sourcecode.swift; path = AbgeltungssteuerrechnerUITests.swift; sourceTree = "<group>"; };
		66AF455B284B440C002A37E0 /* AbgeltungssteuerrechnerUITestsLaunchTests.swift */ = {isa = PBXFileReference; lastKnownFileType = sourcecode.swift; path = AbgeltungssteuerrechnerUITestsLaunchTests.swift; sourceTree = "<group>"; };
/* End PBXFileReference section */

/* Begin PBXFrameworksBuildPhase section */
		66AF4532284B440B002A37E0 /* Frameworks */ = {
			isa = PBXFrameworksBuildPhase;
			buildActionMask = 2147483647;
			files = (
			);
			runOnlyForDeploymentPostprocessing = 0;
		};
		66AF4548284B440C002A37E0 /* Frameworks */ = {
			isa = PBXFrameworksBuildPhase;
			buildActionMask = 2147483647;
			files = (
			);
			runOnlyForDeploymentPostprocessing = 0;
		};
		66AF4552284B440C002A37E0 /* Frameworks */ = {
			isa = PBXFrameworksBuildPhase;
			buildActionMask = 2147483647;
			files = (
			);
			runOnlyForDeploymentPostprocessing = 0;
		};
/* End PBXFrameworksBuildPhase section */

/* Begin PBXGroup section */
		66AF452C284B440B002A37E0 = {
			isa = PBXGroup;
			children = (
				66AF4537284B440B002A37E0 /* Abgeltungssteuerrechner */,
				66AF454E284B440C002A37E0 /* AbgeltungssteuerrechnerTests */,
				66AF4558284B440C002A37E0 /* AbgeltungssteuerrechnerUITests */,
				66AF4536284B440B002A37E0 /* Products */,
			);
			sourceTree = "<group>";
		};
		66AF4536284B440B002A37E0 /* Products */ = {
			isa = PBXGroup;
			children = (
				66AF4535284B440B002A37E0 /* Abgeltungssteuerrechner.app */,
				66AF454B284B440C002A37E0 /* AbgeltungssteuerrechnerTests.xctest */,
				66AF4555284B440C002A37E0 /* AbgeltungssteuerrechnerUITests.xctest */,
			);
			name = Products;
			sourceTree = "<group>";
		};
		66AF4537284B440B002A37E0 /* Abgeltungssteuerrechner */ = {
			isa = PBXGroup;
			children = (
				66AF4538284B440B002A37E0 /* AppDelegate.swift */,
				66AF453A284B440B002A37E0 /* SceneDelegate.swift */,
				66AF453C284B440B002A37E0 /* ViewController.swift */,
				66AF453E284B440B002A37E0 /* Main.storyboard */,
				66AF4541284B440C002A37E0 /* Assets.xcassets */,
				66AF4543284B440C002A37E0 /* LaunchScreen.storyboard */,
				66AF4546284B440C002A37E0 /* Info.plist */,
			);
			path = Abgeltungssteuerrechner;
			sourceTree = "<group>";
		};
		66AF454E284B440C002A37E0 /* AbgeltungssteuerrechnerTests */ = {
			isa = PBXGroup;
			children = (
				66AF454F284B440C002A37E0 /* AbgeltungssteuerrechnerTests.swift */,
			);
			path = AbgeltungssteuerrechnerTests;
			sourceTree = "<group>";
		};
		66AF4558284B440C002A37E0 /* AbgeltungssteuerrechnerUITests */ = {
			isa = PBXGroup;
			children = (
				66AF4559284B440C002A37E0 /* AbgeltungssteuerrechnerUITests.swift */,
				66AF455B284B440C002A37E0 /* AbgeltungssteuerrechnerUITestsLaunchTests.swift */,
			);
			path = AbgeltungssteuerrechnerUITests;
			sourceTree = "<group>";
		};
/* End PBXGroup section */

/* Begin PBXNativeTarget section */
		66AF4534284B440B002A37E0 /* Abgeltungssteuerrechner */ = {
			isa = PBXNativeTarget;
			buildConfigurationList = 66AF455F284B440C002A37E0 /* Build configuration list for PBXNativeTarget "Abgeltungssteuerrechner" */;
			buildPhases = (
				66AF4531284B440B002A37E0 /* Sources */,
				66AF4532284B440B002A37E0 /* Frameworks */,
				66AF4533284B440B002A37E0 /* Resources */,
			);
			buildRules = (
			);
			dependencies = (
			);
			name = Abgeltungssteuerrechner;
			productName = Abgeltungssteuerrechner;
			productReference = 66AF4535284B440B002A37E0 /* Abgeltungssteuerrechner.app */;
			productType = "com.apple.product-type.application";
		};
		66AF454A284B440C002A37E0 /* AbgeltungssteuerrechnerTests */ = {
			isa = PBXNativeTarget;
			buildConfigurationList = 66AF4562284B440C002A37E0 /* Build configuration list for PBXNativeTarget "AbgeltungssteuerrechnerTests" */;
			buildPhases = (
				66AF4547284B440C002A37E0 /* Sources */,
				66AF4548284B440C002A37E0 /* Frameworks */,
				66AF4549284B440C002A37E0 /* Resources */,
			);
			buildRules = (
			);
			dependencies = (
				66AF454D284B440C002A37E0 /* PBXTargetDependency */,
			);
			name = AbgeltungssteuerrechnerTests;
			productName = AbgeltungssteuerrechnerTests;
			productReference = 66AF454B284B440C002A37E0 /* AbgeltungssteuerrechnerTests.xctest */;
			productType = "com.apple.product-type.bundle.unit-test";
		};
		66AF4554284B440C002A37E0 /* AbgeltungssteuerrechnerUITests */ = {
			isa = PBXNativeTarget;
			buildConfigurationList = 66AF4565284B440C002A37E0 /* Build configuration list for PBXNativeTarget "AbgeltungssteuerrechnerUITests" */;
			buildPhases = (
				66AF4551284B440C002A37E0 /* Sources */,
				66AF4552284B440C002A37E0 /* Frameworks */,
				66AF4553284B440C002A37E0 /* Resources */,
			);
			buildRules = (
			);
			dependencies = (
				66AF4557284B440C002A37E0 /* PBXTargetDependency */,
			);
			name = AbgeltungssteuerrechnerUITests;
			productName = AbgeltungssteuerrechnerUITests;
			productReference = 66AF4555284B440C002A37E0 /* AbgeltungssteuerrechnerUITests.xctest */;
			productType = "com.apple.product-type.bundle.ui-testing";
		};
/* End PBXNativeTarget section */

/* Begin PBXProject section */
		66AF452D284B440B002A37E0 /* Project object */ = {
			isa = PBXProject;
			attributes = {
				BuildIndependentTargetsInParallel = 1;
				LastSwiftUpdateCheck = 1340;
				LastUpgradeCheck = 1340;
				TargetAttributes = {
					66AF4534284B440B002A37E0 = {
						CreatedOnToolsVersion = 13.4.1;
					};
					66AF454A284B440C002A37E0 = {
						CreatedOnToolsVersion = 13.4.1;
						TestTargetID = 66AF4534284B440B002A37E0;
					};
					66AF4554284B440C002A37E0 = {
						CreatedOnToolsVersion = 13.4.1;
						TestTargetID = 66AF4534284B440B002A37E0;
					};
				};
			};
			buildConfigurationList = 66AF4530284B440B002A37E0 /* Build configuration list for PBXProject "Abgeltungssteuerrechner" */;
			compatibilityVersion = "Xcode 13.0";
			developmentRegion = en;
			hasScannedForEncodings = 0;
			knownRegions = (
				en,
				Base,
			);
			mainGroup = 66AF452C284B440B002A37E0;
			productRefGroup = 66AF4536284B440B002A37E0 /* Products */;
			projectDirPath = "";
			projectRoot = "";
			targets = (
				66AF4534284B440B002A37E0 /* Abgeltungssteuerrechner */,
				66AF454A284B440C002A37E0 /* AbgeltungssteuerrechnerTests */,
				66AF4554284B440C002A37E0 /* AbgeltungssteuerrechnerUITests */,
			);
		};
/* End PBXProject section */

/* Begin PBXResourcesBuildPhase section */
		66AF4533284B440B002A37E0 /* Resources */ = {
			isa = PBXResourcesBuildPhase;
			buildActionMask = 2147483647;
			files = (
				66AF4545284B440C002A37E0 /* LaunchScreen.storyboard in Resources */,
				66AF4542284B440C002A37E0 /* Assets.xcassets in Resources */,
				66AF4540284B440B002A37E0 /* Main.storyboard in Resources */,
			);
			runOnlyForDeploymentPostprocessing = 0;
		};
		66AF4549284B440C002A37E0 /* Resources */ = {
			isa = PBXResourcesBuildPhase;
			buildActionMask = 2147483647;
			files = (
			);
			runOnlyForDeploymentPostprocessing = 0;
		};
		66AF4553284B440C002A37E0 /* Resources */ = {
			isa = PBXResourcesBuildPhase;
			buildActionMask = 2147483647;
			files = (
			);
			runOnlyForDeploymentPostprocessing = 0;
		};
/* End PBXResourcesBuildPhase section */

/* Begin PBXSourcesBuildPhase section */
		66AF4531284B440B002A37E0 /* Sources */ = {
			isa = PBXSourcesBuildPhase;
			buildActionMask = 2147483647;
			files = (
				66AF453D284B440B002A37E0 /* ViewController.swift in Sources */,
				66AF4539284B440B002A37E0 /* AppDelegate.swift in Sources */,
				66AF453B284B440B002A37E0 /* SceneDelegate.swift in Sources */,
			);
			runOnlyForDeploymentPostprocessing = 0;
		};
		66AF4547284B440C002A37E0 /* Sources */ = {
			isa = PBXSourcesBuildPhase;
			buildActionMask = 2147483647;
			files = (
				66AF4550284B440C002A37E0 /* AbgeltungssteuerrechnerTests.swift in Sources */,
			);
			runOnlyForDeploymentPostprocessing = 0;
		};
		66AF4551284B440C002A37E0 /* Sources */ = {
			isa = PBXSourcesBuildPhase;
			buildActionMask = 2147483647;
			files = (
				66AF455C284B440C002A37E0 /* AbgeltungssteuerrechnerUITestsLaunchTests.swift in Sources */,
				66AF455A284B440C002A37E0 /* AbgeltungssteuerrechnerUITests.swift in Sources */,
			);
			runOnlyForDeploymentPostprocessing = 0;
		};
/* End PBXSourcesBuildPhase section */

/* Begin PBXTargetDependency section */
		66AF454D284B440C002A37E0 /* PBXTargetDependency */ = {
			isa = PBXTargetDependency;
			target = 66AF4534284B440B002A37E0 /* Abgeltungssteuerrechner */;
			targetProxy = 66AF454C284B440C002A37E0 /* PBXContainerItemProxy */;
		};
		66AF4557284B440C002A37E0 /* PBXTargetDependency */ = {
			isa = PBXTargetDependency;
			target = 66AF4534284B440B002A37E0 /* Abgeltungssteuerrechner */;
			targetProxy = 66AF4556284B440C002A37E0 /* PBXContainerItemProxy */;
		};
/* End PBXTargetDependency section */

/* Begin PBXVariantGroup section */
		66AF453E284B440B002A37E0 /* Main.storyboard */ = {
			isa = PBXVariantGroup;
			children = (
				66AF453F284B440B002A37E0 /* Base */,
			);
			name = Main.storyboard;
			sourceTree = "<group>";
		};
		66AF4543284B440C002A37E0 /* LaunchScreen.storyboard */ = {
			isa = PBXVariantGroup;
			children = (
				66AF4544284B440C002A37E0 /* Base */,
			);
			name = LaunchScreen.storyboard;
			sourceTree = "<group>";
		};
/* End PBXVariantGroup section */

/* Begin XCBuildConfiguration section */
		66AF455D284B440C002A37E0 /* Debug */ = {
			isa = XCBuildConfiguration;
			buildSettings = {
				ALWAYS_SEARCH_USER_PATHS = NO;
				CLANG_ANALYZER_NONNULL = YES;
				CLANG_ANALYZER_NUMBER_OBJECT_CONVERSION = YES_AGGRESSIVE;
				CLANG_CXX_LANGUAGE_STANDARD = "gnu++17";
				CLANG_ENABLE_MODULES = YES;
				CLANG_ENABLE_OBJC_ARC = YES;
				CLANG_ENABLE_OBJC_WEAK = YES;
				CLANG_WARN_BLOCK_CAPTURE_AUTORELEASING = YES;
				CLANG_WARN_BOOL_CONVERSION = YES;
				CLANG_WARN_COMMA = YES;
				CLANG_WARN_CONSTANT_CONVERSION = YES;
				CLANG_WARN_DEPRECATED_OBJC_IMPLEMENTATIONS = YES;
				CLANG_WARN_DIRECT_OBJC_ISA_USAGE = YES_ERROR;
				CLANG_WARN_DOCUMENTATION_COMMENTS = YES;
				CLANG_WARN_EMPTY_BODY = YES;
				CLANG_WARN_ENUM_CONVERSION = YES;
				CLANG_WARN_INFINITE_RECURSION = YES;
				CLANG_WARN_INT_CONVERSION = YES;
				CLANG_WARN_NON_LITERAL_NULL_CONVERSION = YES;
				CLANG_WARN_OBJC_IMPLICIT_RETAIN_SELF = YES;
				CLANG_WARN_OBJC_LITERAL_CONVERSION = YES;
				CLANG_WARN_OBJC_ROOT_CLASS = YES_ERROR;
				CLANG_WARN_QUOTED_INCLUDE_IN_FRAMEWORK_HEADER = YES;
				CLANG_WARN_RANGE_LOOP_ANALYSIS = YES;
				CLANG_WARN_STRICT_PROTOTYPES = YES;
				CLANG_WARN_SUSPICIOUS_MOVE = YES;
				CLANG_WARN_UNGUARDED_AVAILABILITY = YES_AGGRESSIVE;
				CLANG_WARN_UNREACHABLE_CODE = YES;
				CLANG_WARN__DUPLICATE_METHOD_MATCH = YES;
				COPY_PHASE_STRIP = NO;
				DEBUG_INFORMATION_FORMAT = dwarf;
				ENABLE_STRICT_OBJC_MSGSEND = YES;
				ENABLE_TESTABILITY = YES;
				GCC_C_LANGUAGE_STANDARD = gnu11;
				GCC_DYNAMIC_NO_PIC = NO;
				GCC_NO_COMMON_BLOCKS = YES;
				GCC_OPTIMIZATION_LEVEL = 0;
				GCC_PREPROCESSOR_DEFINITIONS = (
					"DEBUG=1",
					"$(inherited)",
				);
				GCC_WARN_64_TO_32_BIT_CONVERSION = YES;
				GCC_WARN_ABOUT_RETURN_TYPE = YES_ERROR;
				GCC_WARN_UNDECLARED_SELECTOR = YES;
				GCC_WARN_UNINITIALIZED_AUTOS = YES_AGGRESSIVE;
				GCC_WARN_UNUSED_FUNCTION = YES;
				GCC_WARN_UNUSED_VARIABLE = YES;
				IPHONEOS_DEPLOYMENT_TARGET = 15.5;
				MTL_ENABLE_DEBUG_INFO = INCLUDE_SOURCE;
				MTL_FAST_MATH = YES;
				ONLY_ACTIVE_ARCH = YES;
				SDKROOT = iphoneos;
				SWIFT_ACTIVE_COMPILATION_CONDITIONS = DEBUG;
				SWIFT_OPTIMIZATION_LEVEL = "-Onone";
			};
			name = Debug;
		};
		66AF455E284B440C002A37E0 /* Release */ = {
			isa = XCBuildConfiguration;
			buildSettings = {
				ALWAYS_SEARCH_USER_PATHS = NO;
				CLANG_ANALYZER_NONNULL = YES;
				CLANG_ANALYZER_NUMBER_OBJECT_CONVERSION = YES_AGGRESSIVE;
				CLANG_CXX_LANGUAGE_STANDARD = "gnu++17";
				CLANG_ENABLE_MODULES = YES;
				CLANG_ENABLE_OBJC_ARC = YES;
				CLANG_ENABLE_OBJC_WEAK = YES;
				CLANG_WARN_BLOCK_CAPTURE_AUTORELEASING = YES;
				CLANG_WARN_BOOL_CONVERSION = YES;
				CLANG_WARN_COMMA = YES;
				CLANG_WARN_CONSTANT_CONVERSION = YES;
				CLANG_WARN_DEPRECATED_OBJC_IMPLEMENTATIONS = YES;
				CLANG_WARN_DIRECT_OBJC_ISA_USAGE = YES_ERROR;
				CLANG_WARN_DOCUMENTATION_COMMENTS = YES;
				CLANG_WARN_EMPTY_BODY = YES;
				CLANG_WARN_ENUM_CONVERSION = YES;
				CLANG_WARN_INFINITE_RECURSION = YES;
				CLANG_WARN_INT_CONVERSION = YES;
				CLANG_WARN_NON_LITERAL_NULL_CONVERSION = YES;
				CLANG_WARN_OBJC_IMPLICIT_RETAIN_SELF = YES;
				CLANG_WARN_OBJC_LITERAL_CONVERSION = YES;
				CLANG_WARN_OBJC_ROOT_CLASS = YES_ERROR;
				CLANG_WARN_QUOTED_INCLUDE_IN_FRAMEWORK_HEADER = YES;
				CLANG_WARN_RANGE_LOOP_ANALYSIS = YES;
				CLANG_WARN_STRICT_PROTOTYPES = YES;
				CLANG_WARN_SUSPICIOUS_MOVE = YES;
				CLANG_WARN_UNGUARDED_AVAILABILITY = YES_AGGRESSIVE;
				CLANG_WARN_UNREACHABLE_CODE = YES;
				CLANG_WARN__DUPLICATE_METHOD_MATCH = YES;
				COPY_PHASE_STRIP = NO;
				DEBUG_INFORMATION_FORMAT = "dwarf-with-dsym";
				ENABLE_NS_ASSERTIONS = NO;
				ENABLE_STRICT_OBJC_MSGSEND = YES;
				GCC_C_LANGUAGE_STANDARD = gnu11;
				GCC_NO_COMMON_BLOCKS = YES;
				GCC_WARN_64_TO_32_BIT_CONVERSION = YES;
				GCC_WARN_ABOUT_RETURN_TYPE = YES_ERROR;
				GCC_WARN_UNDECLARED_SELECTOR = YES;
				GCC_WARN_UNINITIALIZED_AUTOS = YES_AGGRESSIVE;
				GCC_WARN_UNUSED_FUNCTION = YES;
				GCC_WARN_UNUSED_VARIABLE = YES;
				IPHONEOS_DEPLOYMENT_TARGET = 15.5;
				MTL_ENABLE_DEBUG_INFO = NO;
				MTL_FAST_MATH = YES;
				SDKROOT = iphoneos;
				SWIFT_COMPILATION_MODE = wholemodule;
				SWIFT_OPTIMIZATION_LEVEL = "-O";
				VALIDATE_PRODUCT = YES;
			};
			name = Release;
		};
		66AF4560284B440C002A37E0 /* Debug */ = {
			isa = XCBuildConfiguration;
			buildSettings = {
				ASSETCATALOG_COMPILER_APPICON_NAME = AppIcon;
				ASSETCATALOG_COMPILER_GLOBAL_ACCENT_COLOR_NAME = AccentColor;
				CODE_SIGN_STYLE = Automatic;
				CURRENT_PROJECT_VERSION = 1;
				DEVELOPMENT_TEAM = X5MCD87GTA;
				GENERATE_INFOPLIST_FILE = YES;
				INFOPLIST_FILE = Abgeltungssteuerrechner/Info.plist;
				INFOPLIST_KEY_UIApplicationSupportsIndirectInputEvents = YES;
				INFOPLIST_KEY_UILaunchStoryboardName = LaunchScreen;
				INFOPLIST_KEY_UIMainStoryboardFile = Main;
				INFOPLIST_KEY_UISupportedInterfaceOrientations_iPad = "UIInterfaceOrientationPortrait UIInterfaceOrientationPortraitUpsideDown UIInterfaceOrientationLandscapeLeft UIInterfaceOrientationLandscapeRight";
				INFOPLIST_KEY_UISupportedInterfaceOrientations_iPhone = "UIInterfaceOrientationPortrait UIInterfaceOrientationLandscapeLeft UIInterfaceOrientationLandscapeRight";
				LD_RUNPATH_SEARCH_PATHS = (
					"$(inherited)",
					"@executable_path/Frameworks",
				);
				MARKETING_VERSION = 1.0;
				PRODUCT_BUNDLE_IDENTIFIER = blacknomb33r.Abgeltungssteuerrechner;
				PRODUCT_NAME = "$(TARGET_NAME)";
				SWIFT_EMIT_LOC_STRINGS = YES;
				SWIFT_VERSION = 5.0;
				TARGETED_DEVICE_FAMILY = "1,2";
			};
			name = Debug;
		};
		66AF4561284B440C002A37E0 /* Release */ = {
			isa = XCBuildConfiguration;
			buildSettings = {
				ASSETCATALOG_COMPILER_APPICON_NAME = AppIcon;
				ASSETCATALOG_COMPILER_GLOBAL_ACCENT_COLOR_NAME = AccentColor;
				CODE_SIGN_STYLE = Automatic;
				CURRENT_PROJECT_VERSION = 1;
				DEVELOPMENT_TEAM = X5MCD87GTA;
				GENERATE_INFOPLIST_FILE = YES;
				INFOPLIST_FILE = Abgeltungssteuerrechner/Info.plist;
				INFOPLIST_KEY_UIApplicationSupportsIndirectInputEvents = YES;
				INFOPLIST_KEY_UILaunchStoryboardName = LaunchScreen;
				INFOPLIST_KEY_UIMainStoryboardFile = Main;
				INFOPLIST_KEY_UISupportedInterfaceOrientations_iPad = "UIInterfaceOrientationPortrait UIInterfaceOrientationPortraitUpsideDown UIInterfaceOrientationLandscapeLeft UIInterfaceOrientationLandscapeRight";
				INFOPLIST_KEY_UISupportedInterfaceOrientations_iPhone = "UIInterfaceOrientationPortrait UIInterfaceOrientationLandscapeLeft UIInterfaceOrientationLandscapeRight";
				LD_RUNPATH_SEARCH_PATHS = (
					"$(inherited)",
					"@executable_path/Frameworks",
				);
				MARKETING_VERSION = 1.0;
				PRODUCT_BUNDLE_IDENTIFIER = blacknomb33r.Abgeltungssteuerrechner;
				PRODUCT_NAME = "$(TARGET_NAME)";
				SWIFT_EMIT_LOC_STRINGS = YES;
				SWIFT_VERSION = 5.0;
				TARGETED_DEVICE_FAMILY = "1,2";
			};
			name = Release;
		};
		66AF4563284B440C002A37E0 /* Debug */ = {
			isa = XCBuildConfiguration;
			buildSettings = {
				ALWAYS_EMBED_SWIFT_STANDARD_LIBRARIES = YES;
				BUNDLE_LOADER = "$(TEST_HOST)";
				CODE_SIGN_STYLE = Automatic;
				CURRENT_PROJECT_VERSION = 1;
				DEVELOPMENT_TEAM = X5MCD87GTA;
				GENERATE_INFOPLIST_FILE = YES;
				IPHONEOS_DEPLOYMENT_TARGET = 15.5;
				MARKETING_VERSION = 1.0;
				PRODUCT_BUNDLE_IDENTIFIER = blacknomb33r.AbgeltungssteuerrechnerTests;
				PRODUCT_NAME = "$(TARGET_NAME)";
				SWIFT_EMIT_LOC_STRINGS = NO;
				SWIFT_VERSION = 5.0;
				TARGETED_DEVICE_FAMILY = "1,2";
				TEST_HOST = "$(BUILT_PRODUCTS_DIR)/Abgeltungssteuerrechner.app/Abgeltungssteuerrechner";
			};
			name = Debug;
		};
		66AF4564284B440C002A37E0 /* Release */ = {
			isa = XCBuildConfiguration;
			buildSettings = {
				ALWAYS_EMBED_SWIFT_STANDARD_LIBRARIES = YES;
				BUNDLE_LOADER = "$(TEST_HOST)";
				CODE_SIGN_STYLE = Automatic;
				CURRENT_PROJECT_VERSION = 1;
				DEVELOPMENT_TEAM = X5MCD87GTA;
				GENERATE_INFOPLIST_FILE = YES;
				IPHONEOS_DEPLOYMENT_TARGET = 15.5;
				MARKETING_VERSION = 1.0;
				PRODUCT_BUNDLE_IDENTIFIER = blacknomb33r.AbgeltungssteuerrechnerTests;
				PRODUCT_NAME = "$(TARGET_NAME)";
				SWIFT_EMIT_LOC_STRINGS = NO;
				SWIFT_VERSION = 5.0;
				TARGETED_DEVICE_FAMILY = "1,2";
				TEST_HOST = "$(BUILT_PRODUCTS_DIR)/Abgeltungssteuerrechner.app/Abgeltungssteuerrechner";
			};
			name = Release;
		};
		66AF4566284B440C002A37E0 /* Debug */ = {
			isa = XCBuildConfiguration;
			buildSettings = {
				ALWAYS_EMBED_SWIFT_STANDARD_LIBRARIES = YES;
				CODE_SIGN_STYLE = Automatic;
				CURRENT_PROJECT_VERSION = 1;
				DEVELOPMENT_TEAM = X5MCD87GTA;
				GENERATE_INFOPLIST_FILE = YES;
				MARKETING_VERSION = 1.0;
				PRODUCT_BUNDLE_IDENTIFIER = blacknomb33r.AbgeltungssteuerrechnerUITests;
				PRODUCT_NAME = "$(TARGET_NAME)";
				SWIFT_EMIT_LOC_STRINGS = NO;
				SWIFT_VERSION = 5.0;
				TARGETED_DEVICE_FAMILY = "1,2";
				TEST_TARGET_NAME = Abgeltungssteuerrechner;
			};
			name = Debug;
		};
		66AF4567284B440C002A37E0 /* Release */ = {
			isa = XCBuildConfiguration;
			buildSettings = {
				ALWAYS_EMBED_SWIFT_STANDARD_LIBRARIES = YES;
				CODE_SIGN_STYLE = Automatic;
				CURRENT_PROJECT_VERSION = 1;
				DEVELOPMENT_TEAM = X5MCD87GTA;
				GENERATE_INFOPLIST_FILE = YES;
				MARKETING_VERSION = 1.0;
				PRODUCT_BUNDLE_IDENTIFIER = blacknomb33r.AbgeltungssteuerrechnerUITests;
				PRODUCT_NAME = "$(TARGET_NAME)";
				SWIFT_EMIT_LOC_STRINGS = NO;
				SWIFT_VERSION = 5.0;
				TARGETED_DEVICE_FAMILY = "1,2";
				TEST_TARGET_NAME = Abgeltungssteuerrechner;
			};
			name = Release;
		};
/* End XCBuildConfiguration section */

/* Begin XCConfigurationList section */
		66AF4530284B440B002A37E0 /* Build configuration list for PBXProject "Abgeltungssteuerrechner" */ = {
			isa = XCConfigurationList;
			buildConfigurations = (
				66AF455D284B440C002A37E0 /* Debug */,
				66AF455E284B440C002A37E0 /* Release */,
			);
			defaultConfigurationIsVisible = 0;
			defaultConfigurationName = Release;
		};
		66AF455F284B440C002A37E0 /* Build configuration list for PBXNativeTarget "Abgeltungssteuerrechner" */ = {
			isa = XCConfigurationList;
			buildConfigurations = (
				66AF4560284B440C002A37E0 /* Debug */,
				66AF4561284B440C002A37E0 /* Release */,
			);
			defaultConfigurationIsVisible = 0;
			defaultConfigurationName = Release;
		};
		66AF4562284B440C002A37E0 /* Build configuration list for PBXNativeTarget "AbgeltungssteuerrechnerTests" */ = {
			isa = XCConfigurationList;
			buildConfigurations = (
				66AF4563284B440C002A37E0 /* Debug */,
				66AF4564284B440C002A37E0 /* Release */,
			);
			defaultConfigurationIsVisible = 0;
			defaultConfigurationName = Release;
		};
		66AF4565284B440C002A37E0 /* Build configuration list for PBXNativeTarget "AbgeltungssteuerrechnerUITests" */ = {
			isa = XCConfigurationList;
			buildConfigurations = (
				66AF4566284B440C002A37E0 /* Debug */,
				66AF4567284B440C002A37E0 /* Release */,
			);
			defaultConfigurationIsVisible = 0;
			defaultConfigurationName = Release;
		};
/* End XCConfigurationList section */
	};
	rootObject = 66AF452D284B440B002A37E0 /* Project object */;
}
